
Microsoft Visual Studio Solution File, Format Version 12.00
# Visual Studio 15
VisualStudioVersion = 15.0.28307.572
MinimumVisualStudioVersion = 10.0.40219.1
Project("{FAE04EC0-301F-11D3-BF4B-00C04F79EFBC}") = "Algorithms", "Algorithms\Algorithms.csproj", "{D13FE130-7BD6-4075-8754-7E3CA1C9AE82}"
EndProject
Project("{FAE04EC0-301F-11D3-BF4B-00C04F79EFBC}") = "AlgorithmsTests", "AlgorithmsTests\AlgorithmsTests.csproj", "{F56301B4-2019-4D4F-ADA4-6C1535730AF2}"
EndProject
Project("{FAE04EC0-301F-11D3-BF4B-00C04F79EFBC}") = "CommonUtilities", "CommonUtilities\Common\CommonUtilities.csproj", "{C15771FA-650A-4742-9B5A-5F88C4C13C86}"
EndProject
Global
	GlobalSection(SolutionConfigurationPlatforms) = preSolution
		Debug|Any CPU = Debug|Any CPU
		Release|Any CPU = Release|Any CPU
	EndGlobalSection
	GlobalSection(ProjectConfigurationPlatforms) = postSolution
		{D13FE130-7BD6-4075-8754-7E3CA1C9AE82}.Debug|Any CPU.ActiveCfg = Debug|Any CPU
		{D13FE130-7BD6-4075-8754-7E3CA1C9AE82}.Debug|Any CPU.Build.0 = Debug|Any CPU
		{D13FE130-7BD6-4075-8754-7E3CA1C9AE82}.Release|Any CPU.ActiveCfg = Release|Any CPU
		{D13FE130-7BD6-4075-8754-7E3CA1C9AE82}.Release|Any CPU.Build.0 = Release|Any CPU
		{F56301B4-2019-4D4F-ADA4-6C1535730AF2}.Debug|Any CPU.ActiveCfg = Debug|Any CPU
		{F56301B4-2019-4D4F-ADA4-6C1535730AF2}.Debug|Any CPU.Build.0 = Debug|Any CPU
		{F56301B4-2019-4D4F-ADA4-6C1535730AF2}.Release|Any CPU.ActiveCfg = Release|Any CPU
		{F56301B4-2019-4D4F-ADA4-6C1535730AF2}.Release|Any CPU.Build.0 = Release|Any CPU
		{C15771FA-650A-4742-9B5A-5F88C4C13C86}.Debug|Any CPU.ActiveCfg = Debug|Any CPU
		{C15771FA-650A-4742-9B5A-5F88C4C13C86}.Debug|Any CPU.Build.0 = Debug|Any CPU
		{C15771FA-650A-4742-9B5A-5F88C4C13C86}.Release|Any CPU.ActiveCfg = Release|Any CPU
		{C15771FA-650A-4742-9B5A-5F88C4C13C86}.Release|Any CPU.Build.0 = Release|Any CPU
	EndGlobalSection
	GlobalSection(SolutionProperties) = preSolution
		HideSolutionNode = FALSE
	EndGlobalSection
	GlobalSection(ExtensibilityGlobals) = postSolution
		SolutionGuid = {7E5C51AD-5F1F-4889-92D7-A098FA929831}
	EndGlobalSection
EndGlobal
